# This file is autogenerated, do not edit; changes may be undone by the next 'dep ensure'.


[[projects]]
  name = "github.com/go-playground/form"
  packages = ["."]
  revision = "572fa772c66ec5e3606a1a548406e10fb62de317"
  version = "v3.1.3"

[solve-meta]
  analyzer-name = "dep"
  analyzer-version = 1
  inputs-digest = "dcf0e2af28b661344f42668c431182cd8e37434a92090df6da36802aaffe1719"
  solver-name = "gps-cdcl"
  solver-version = 1
